
Microsoft Visual Studio Solution File, Format Version 12.00
# Visual Studio Version 17
VisualStudioVersion = 17.8.34330.188
MinimumVisualStudioVersion = 10.0.40219.1
Project("{9A19103F-16F7-4668-BE54-9A1E7A4F7556}") = "NationsConverterCLI", "NationsConverterCLI\NationsConverterCLI.csproj", "{357FAFA9-41ED-4B3F-80A9-DDFD776B4441}"
EndProject
Project("{9A19103F-16F7-4668-BE54-9A1E7A4F7556}") = "NationsConverter", "NationsConverter\NationsConverter.csproj", "{56BDA77E-F404-4DAC-8049-F61479A3399C}"
EndProject
Project("{9A19103F-16F7-4668-BE54-9A1E7A4F7556}") = "NationsConverterBot", "NationsConverterBot\NationsConverterBot.csproj", "{190A7896-7A30-4648-9C5F-AC9D1431B2CA}"
EndProject
Project("{9A19103F-16F7-4668-BE54-9A1E7A4F7556}") = "NationsConverterBuilder", "NationsConverterBuilder\NationsConverterBuilder.csproj", "{AC0BA844-0C53-49D9-8CC2-817FBD7A387C}"
EndProject
Global
	GlobalSection(SolutionConfigurationPlatforms) = preSolution
		Debug|Any CPU = Debug|Any CPU
		Release|Any CPU = Release|Any CPU
	EndGlobalSection
	GlobalSection(ProjectConfigurationPlatforms) = postSolution
		{357FAFA9-41ED-4B3F-80A9-DDFD776B4441}.Debug|Any CPU.ActiveCfg = Debug|Any CPU
		{357FAFA9-41ED-4B3F-80A9-DDFD776B4441}.Debug|Any CPU.Build.0 = Debug|Any CPU
		{357FAFA9-41ED-4B3F-80A9-DDFD776B4441}.Release|Any CPU.ActiveCfg = Release|Any CPU
		{357FAFA9-41ED-4B3F-80A9-DDFD776B4441}.Release|Any CPU.Build.0 = Release|Any CPU
		{56BDA77E-F404-4DAC-8049-F61479A3399C}.Debug|Any CPU.ActiveCfg = Debug|Any CPU
		{56BDA77E-F404-4DAC-8049-F61479A3399C}.Debug|Any CPU.Build.0 = Debug|Any CPU
		{56BDA77E-F404-4DAC-8049-F61479A3399C}.Release|Any CPU.ActiveCfg = Release|Any CPU
		{56BDA77E-F404-4DAC-8049-F61479A3399C}.Release|Any CPU.Build.0 = Release|Any CPU
		{190A7896-7A30-4648-9C5F-AC9D1431B2CA}.Debug|Any CPU.ActiveCfg = Debug|Any CPU
		{190A7896-7A30-4648-9C5F-AC9D1431B2CA}.Debug|Any CPU.Build.0 = Debug|Any CPU
		{190A7896-7A30-4648-9C5F-AC9D1431B2CA}.Release|Any CPU.ActiveCfg = Release|Any CPU
		{190A7896-7A30-4648-9C5F-AC9D1431B2CA}.Release|Any CPU.Build.0 = Release|Any CPU
		{AC0BA844-0C53-49D9-8CC2-817FBD7A387C}.Debug|Any CPU.ActiveCfg = Debug|Any CPU
		{AC0BA844-0C53-49D9-8CC2-817FBD7A387C}.Debug|Any CPU.Build.0 = Debug|Any CPU
		{AC0BA844-0C53-49D9-8CC2-817FBD7A387C}.Release|Any CPU.ActiveCfg = Release|Any CPU
		{AC0BA844-0C53-49D9-8CC2-817FBD7A387C}.Release|Any CPU.Build.0 = Release|Any CPU
	EndGlobalSection
	GlobalSection(SolutionProperties) = preSolution
		HideSolutionNode = FALSE
	EndGlobalSection
	GlobalSection(ExtensibilityGlobals) = postSolution
		SolutionGuid = {5F80CCCE-40A6-4BE9-8853-5A8E3D4C276A}
	EndGlobalSection
EndGlobal
