
Microsoft Visual Studio Solution File, Format Version 12.00
# Visual Studio Version 16
VisualStudioVersion = 16.0.30711.63
MinimumVisualStudioVersion = 10.0.40219.1
Project("{9A19103F-16F7-4668-BE54-9A1E7A4F7556}") = "NationsConverter", "NationsConverter\NationsConverter.csproj", "{778531BE-A0B2-45F2-847B-9B701853BD74}"
EndProject
Project("{9A19103F-16F7-4668-BE54-9A1E7A4F7556}") = "NationsConverterGUI", "NationsConverterGUI\NationsConverterGUI.csproj", "{DA96C62E-80FA-4408-A830-2C06B4F4B8D1}"
EndProject
Project("{9A19103F-16F7-4668-BE54-9A1E7A4F7556}") = "NationsConverterCLI", "NationsConverterCLI\NationsConverterCLI.csproj", "{0C96208F-7069-4597-9DCC-06569BCE74F6}"
EndProject
Project("{2150E333-8FDC-42A3-9474-1A3956D46DE8}") = "Solution Items", "Solution Items", "{85CCA5DB-7A4B-46C1-874F-D58922AE92D6}"
	ProjectSection(SolutionItems) = preProject
		.gitignore = .gitignore
		LICENSE = LICENSE
		README.md = README.md
	EndProjectSection
EndProject
Global
	GlobalSection(SolutionConfigurationPlatforms) = preSolution
		Debug|x86 = Debug|x86
		Release|x86 = Release|x86
	EndGlobalSection
	GlobalSection(ProjectConfigurationPlatforms) = postSolution
		{778531BE-A0B2-45F2-847B-9B701853BD74}.Debug|x86.ActiveCfg = Debug|x86
		{778531BE-A0B2-45F2-847B-9B701853BD74}.Debug|x86.Build.0 = Debug|x86
		{778531BE-A0B2-45F2-847B-9B701853BD74}.Release|x86.ActiveCfg = Release|x86
		{778531BE-A0B2-45F2-847B-9B701853BD74}.Release|x86.Build.0 = Release|x86
		{DA96C62E-80FA-4408-A830-2C06B4F4B8D1}.Debug|x86.ActiveCfg = Debug|x86
		{DA96C62E-80FA-4408-A830-2C06B4F4B8D1}.Debug|x86.Build.0 = Debug|x86
		{DA96C62E-80FA-4408-A830-2C06B4F4B8D1}.Release|x86.ActiveCfg = Release|x86
		{DA96C62E-80FA-4408-A830-2C06B4F4B8D1}.Release|x86.Build.0 = Release|x86
		{0C96208F-7069-4597-9DCC-06569BCE74F6}.Debug|x86.ActiveCfg = Debug|x86
		{0C96208F-7069-4597-9DCC-06569BCE74F6}.Debug|x86.Build.0 = Debug|x86
		{0C96208F-7069-4597-9DCC-06569BCE74F6}.Release|x86.ActiveCfg = Release|x86
		{0C96208F-7069-4597-9DCC-06569BCE74F6}.Release|x86.Build.0 = Release|x86
	EndGlobalSection
	GlobalSection(SolutionProperties) = preSolution
		HideSolutionNode = FALSE
	EndGlobalSection
	GlobalSection(ExtensibilityGlobals) = postSolution
		SolutionGuid = {70458F38-785F-45B3-95F0-A24D4A2EB804}
	EndGlobalSection
EndGlobal
