
Microsoft Visual Studio Solution File, Format Version 12.00
# Visual Studio Version 17
VisualStudioVersion = 17.8.34330.188
MinimumVisualStudioVersion = 10.0.40219.1
Project("{2150E333-8FDC-42A3-9474-1A3956D46DE8}") = "Src", "Src", "{C4686498-B539-4420-BCB7-A5AEB884506B}"
EndProject
Project("{9A19103F-16F7-4668-BE54-9A1E7A4F7556}") = "NationsConverter", "Src\NationsConverter\NationsConverter.csproj", "{2BAE206C-4320-4855-A229-84E918D5AE84}"
EndProject
Project("{9A19103F-16F7-4668-BE54-9A1E7A4F7556}") = "NationsConverterBot", "Src\NationsConverterBot\NationsConverterBot.csproj", "{5ED2B359-229D-4E6C-8FC9-65053093017D}"
EndProject
Project("{9A19103F-16F7-4668-BE54-9A1E7A4F7556}") = "NationsConverterBuilder", "Src\NationsConverterBuilder\NationsConverterBuilder.csproj", "{4FE387D7-A8B1-4B57-B221-42A365DEC1C1}"
EndProject
Project("{9A19103F-16F7-4668-BE54-9A1E7A4F7556}") = "NationsConverterCLI", "Src\NationsConverterCLI\NationsConverterCLI.csproj", "{38D6C3F2-CED0-4058-A26A-10FE5DC5DCBC}"
EndProject
Project("{9A19103F-16F7-4668-BE54-9A1E7A4F7556}") = "NationsConverterShared", "Src\NationsConverterShared\NationsConverterShared.csproj", "{2A76492E-2D63-4ACC-A0DD-C0ECCFB94C6A}"
EndProject
Project("{9A19103F-16F7-4668-BE54-9A1E7A4F7556}") = "NationsConverterWeb", "Src\NationsConverterWeb\NationsConverterWeb\NationsConverterWeb.csproj", "{253A28AB-886E-4ADF-8A71-D0576085B8DB}"
EndProject
Project("{9A19103F-16F7-4668-BE54-9A1E7A4F7556}") = "NationsConverterWeb.Client", "Src\NationsConverterWeb\NationsConverterWeb.Client\NationsConverterWeb.Client.csproj", "{D6C58FC2-D8A6-4AB9-A302-89E08EE72F46}"
EndProject
Global
	GlobalSection(SolutionConfigurationPlatforms) = preSolution
		Debug|Any CPU = Debug|Any CPU
		Release|Any CPU = Release|Any CPU
	EndGlobalSection
	GlobalSection(ProjectConfigurationPlatforms) = postSolution
		{2BAE206C-4320-4855-A229-84E918D5AE84}.Debug|Any CPU.ActiveCfg = Debug|Any CPU
		{2BAE206C-4320-4855-A229-84E918D5AE84}.Debug|Any CPU.Build.0 = Debug|Any CPU
		{2BAE206C-4320-4855-A229-84E918D5AE84}.Release|Any CPU.ActiveCfg = Release|Any CPU
		{2BAE206C-4320-4855-A229-84E918D5AE84}.Release|Any CPU.Build.0 = Release|Any CPU
		{5ED2B359-229D-4E6C-8FC9-65053093017D}.Debug|Any CPU.ActiveCfg = Debug|Any CPU
		{5ED2B359-229D-4E6C-8FC9-65053093017D}.Debug|Any CPU.Build.0 = Debug|Any CPU
		{5ED2B359-229D-4E6C-8FC9-65053093017D}.Release|Any CPU.ActiveCfg = Release|Any CPU
		{5ED2B359-229D-4E6C-8FC9-65053093017D}.Release|Any CPU.Build.0 = Release|Any CPU
		{4FE387D7-A8B1-4B57-B221-42A365DEC1C1}.Debug|Any CPU.ActiveCfg = Debug|Any CPU
		{4FE387D7-A8B1-4B57-B221-42A365DEC1C1}.Debug|Any CPU.Build.0 = Debug|Any CPU
		{4FE387D7-A8B1-4B57-B221-42A365DEC1C1}.Release|Any CPU.ActiveCfg = Release|Any CPU
		{4FE387D7-A8B1-4B57-B221-42A365DEC1C1}.Release|Any CPU.Build.0 = Release|Any CPU
		{38D6C3F2-CED0-4058-A26A-10FE5DC5DCBC}.Debug|Any CPU.ActiveCfg = Debug|Any CPU
		{38D6C3F2-CED0-4058-A26A-10FE5DC5DCBC}.Debug|Any CPU.Build.0 = Debug|Any CPU
		{38D6C3F2-CED0-4058-A26A-10FE5DC5DCBC}.Release|Any CPU.ActiveCfg = Release|Any CPU
		{38D6C3F2-CED0-4058-A26A-10FE5DC5DCBC}.Release|Any CPU.Build.0 = Release|Any CPU
		{2A76492E-2D63-4ACC-A0DD-C0ECCFB94C6A}.Debug|Any CPU.ActiveCfg = Debug|Any CPU
		{2A76492E-2D63-4ACC-A0DD-C0ECCFB94C6A}.Debug|Any CPU.Build.0 = Debug|Any CPU
		{2A76492E-2D63-4ACC-A0DD-C0ECCFB94C6A}.Release|Any CPU.ActiveCfg = Release|Any CPU
		{2A76492E-2D63-4ACC-A0DD-C0ECCFB94C6A}.Release|Any CPU.Build.0 = Release|Any CPU
		{253A28AB-886E-4ADF-8A71-D0576085B8DB}.Debug|Any CPU.ActiveCfg = Debug|Any CPU
		{253A28AB-886E-4ADF-8A71-D0576085B8DB}.Debug|Any CPU.Build.0 = Debug|Any CPU
		{253A28AB-886E-4ADF-8A71-D0576085B8DB}.Release|Any CPU.ActiveCfg = Release|Any CPU
		{253A28AB-886E-4ADF-8A71-D0576085B8DB}.Release|Any CPU.Build.0 = Release|Any CPU
		{D6C58FC2-D8A6-4AB9-A302-89E08EE72F46}.Debug|Any CPU.ActiveCfg = Debug|Any CPU
		{D6C58FC2-D8A6-4AB9-A302-89E08EE72F46}.Debug|Any CPU.Build.0 = Debug|Any CPU
		{D6C58FC2-D8A6-4AB9-A302-89E08EE72F46}.Release|Any CPU.ActiveCfg = Release|Any CPU
		{D6C58FC2-D8A6-4AB9-A302-89E08EE72F46}.Release|Any CPU.Build.0 = Release|Any CPU
	EndGlobalSection
	GlobalSection(SolutionProperties) = preSolution
		HideSolutionNode = FALSE
	EndGlobalSection
	GlobalSection(NestedProjects) = preSolution
		{2BAE206C-4320-4855-A229-84E918D5AE84} = {C4686498-B539-4420-BCB7-A5AEB884506B}
		{5ED2B359-229D-4E6C-8FC9-65053093017D} = {C4686498-B539-4420-BCB7-A5AEB884506B}
		{4FE387D7-A8B1-4B57-B221-42A365DEC1C1} = {C4686498-B539-4420-BCB7-A5AEB884506B}
		{38D6C3F2-CED0-4058-A26A-10FE5DC5DCBC} = {C4686498-B539-4420-BCB7-A5AEB884506B}
		{2A76492E-2D63-4ACC-A0DD-C0ECCFB94C6A} = {C4686498-B539-4420-BCB7-A5AEB884506B}
		{253A28AB-886E-4ADF-8A71-D0576085B8DB} = {C4686498-B539-4420-BCB7-A5AEB884506B}
		{D6C58FC2-D8A6-4AB9-A302-89E08EE72F46} = {C4686498-B539-4420-BCB7-A5AEB884506B}
	EndGlobalSection
	GlobalSection(ExtensibilityGlobals) = postSolution
		SolutionGuid = {5F80CCCE-40A6-4BE9-8853-5A8E3D4C276A}
	EndGlobalSection
EndGlobal
